
Microsoft Visual Studio Solution File, Format Version 12.00
# Visual Studio 15
VisualStudioVersion = 15.0.28010.2036
MinimumVisualStudioVersion = 10.0.40219.1
Project("{FAE04EC0-301F-11D3-BF4B-00C04F79EFBC}") = "BootstrapWebseite", "BootstrapWebseite\BootstrapWebseite.csproj", "{B71CA914-423C-48AA-B7D5-13AE41BF6792}"
EndProject
Global
	GlobalSection(SolutionConfigurationPlatforms) = preSolution
		Debug|Any CPU = Debug|Any CPU
		Release|Any CPU = Release|Any CPU
	EndGlobalSection
	GlobalSection(ProjectConfigurationPlatforms) = postSolution
		{B71CA914-423C-48AA-B7D5-13AE41BF6792}.Debug|Any CPU.ActiveCfg = Debug|Any CPU
		{B71CA914-423C-48AA-B7D5-13AE41BF6792}.Debug|Any CPU.Build.0 = Debug|Any CPU
		{B71CA914-423C-48AA-B7D5-13AE41BF6792}.Release|Any CPU.ActiveCfg = Release|Any CPU
		{B71CA914-423C-48AA-B7D5-13AE41BF6792}.Release|Any CPU.Build.0 = Release|Any CPU
	EndGlobalSection
	GlobalSection(SolutionProperties) = preSolution
		HideSolutionNode = FALSE
	EndGlobalSection
	GlobalSection(ExtensibilityGlobals) = postSolution
		SolutionGuid = {8C8F9D22-4BB8-4D71-B369-27DC25CE0808}
	EndGlobalSection
EndGlobal
